// !$*UTF8*$!
{
	archiveVersion = 1;
	classes = {
	};
	objectVersion = 50;
	objects = {

/* Begin PBXBuildFile section */
		CC7257FE21B8F6FB0050BAA1 /* Story.swift in Sources */ = {isa = PBXBuildFile; fileRef = CC7257FD21B8F6FB0050BAA1 /* Story.swift */; };
		CC72580021B8F7D60050BAA1 /* StoryBank.swift in Sources */ = {isa = PBXBuildFile; fileRef = CC7257FF21B8F7D60050BAA1 /* StoryBank.swift */; };
		CCF6AF8021B8D18400C6FDC8 /* AppDelegate.swift in Sources */ = {isa = PBXBuildFile; fileRef = CCF6AF7F21B8D18400C6FDC8 /* AppDelegate.swift */; };
		CCF6AF8221B8D18400C6FDC8 /* ViewController.swift in Sources */ = {isa = PBXBuildFile; fileRef = CCF6AF8121B8D18400C6FDC8 /* ViewController.swift */; };
		CCF6AF8521B8D18400C6FDC8 /* Main.storyboard in Resources */ = {isa = PBXBuildFile; fileRef = CCF6AF8321B8D18400C6FDC8 /* Main.storyboard */; };
		CCF6AF8721B8D18500C6FDC8 /* Assets.xcassets in Resources */ = {isa = PBXBuildFile; fileRef = CCF6AF8621B8D18500C6FDC8 /* Assets.xcassets */; };
		CCF6AF8A21B8D18500C6FDC8 /* LaunchScreen.storyboard in Resources */ = {isa = PBXBuildFile; fileRef = CCF6AF8821B8D18500C6FDC8 /* LaunchScreen.storyboard */; };
/* End PBXBuildFile section */

/* Begin PBXFileReference section */
		CC7257FD21B8F6FB0050BAA1 /* Story.swift */ = {isa = PBXFileReference; lastKnownFileType = sourcecode.swift; path = Story.swift; sourceTree = "<group>"; };
		CC7257FF21B8F7D60050BAA1 /* StoryBank.swift */ = {isa = PBXFileReference; lastKnownFileType = sourcecode.swift; path = StoryBank.swift; sourceTree = "<group>"; };
		CCF6AF7C21B8D18400C6FDC8 /* Destini.app */ = {isa = PBXFileReference; explicitFileType = wrapper.application; includeInIndex = 0; path = Destini.app; sourceTree = BUILT_PRODUCTS_DIR; };
		CCF6AF7F21B8D18400C6FDC8 /* AppDelegate.swift */ = {isa = PBXFileReference; lastKnownFileType = sourcecode.swift; path = AppDelegate.swift; sourceTree = "<group>"; };
		CCF6AF8121B8D18400C6FDC8 /* ViewController.swift */ = {isa = PBXFileReference; lastKnownFileType = sourcecode.swift; path = ViewController.swift; sourceTree = "<group>"; };
		CCF6AF8421B8D18400C6FDC8 /* Base */ = {isa = PBXFileReference; lastKnownFileType = file.storyboard; name = Base; path = Base.lproj/Main.storyboard; sourceTree = "<group>"; };
		CCF6AF8621B8D18500C6FDC8 /* Assets.xcassets */ = {isa = PBXFileReference; lastKnownFileType = folder.assetcatalog; path = Assets.xcassets; sourceTree = "<group>"; };
		CCF6AF8921B8D18500C6FDC8 /* Base */ = {isa = PBXFileReference; lastKnownFileType = file.storyboard; name = Base; path = Base.lproj/LaunchScreen.storyboard; sourceTree = "<group>"; };
		CCF6AF8B21B8D18500C6FDC8 /* Info.plist */ = {isa = PBXFileReference; lastKnownFileType = text.plist.xml; path = Info.plist; sourceTree = "<group>"; };
/* End PBXFileReference section */

/* Begin PBXFrameworksBuildPhase section */
		CCF6AF7921B8D18400C6FDC8 /* Frameworks */ = {
			isa = PBXFrameworksBuildPhase;
			buildActionMask = 2147483647;
			files = (
			);
			runOnlyForDeploymentPostprocessing = 0;
		};
/* End PBXFrameworksBuildPhase section */

/* Begin PBXGroup section */
		CCF6AF7321B8D18400C6FDC8 = {
			isa = PBXGroup;
			children = (
				CCF6AF7E21B8D18400C6FDC8 /* Destini */,
				CCF6AF7D21B8D18400C6FDC8 /* Products */,
			);
			sourceTree = "<group>";
		};
		CCF6AF7D21B8D18400C6FDC8 /* Products */ = {
			isa = PBXGroup;
			children = (
				CCF6AF7C21B8D18400C6FDC8 /* Destini.app */,
			);
			name = Products;
			sourceTree = "<group>";
		};
		CCF6AF7E21B8D18400C6FDC8 /* Destini */ = {
			isa = PBXGroup;
			children = (
				CCF6AF9421B8D1DD00C6FDC8 /* Supporting Files */,
				CCF6AF9321B8D1D300C6FDC8 /* Controller */,
				CCF6AF9221B8D1C800C6FDC8 /* View */,
				CCF6AF9121B8D1B700C6FDC8 /* Model */,
			);
			path = Destini;
			sourceTree = "<group>";
		};
		CCF6AF9121B8D1B700C6FDC8 /* Model */ = {
			isa = PBXGroup;
			children = (
				CC7257FD21B8F6FB0050BAA1 /* Story.swift */,
				CC7257FF21B8F7D60050BAA1 /* StoryBank.swift */,
			);
			path = Model;
			sourceTree = "<group>";
		};
		CCF6AF9221B8D1C800C6FDC8 /* View */ = {
			isa = PBXGroup;
			children = (
				CCF6AF8621B8D18500C6FDC8 /* Assets.xcassets */,
				CCF6AF8321B8D18400C6FDC8 /* Main.storyboard */,
			);
			path = View;
			sourceTree = "<group>";
		};
		CCF6AF9321B8D1D300C6FDC8 /* Controller */ = {
			isa = PBXGroup;
			children = (
				CCF6AF7F21B8D18400C6FDC8 /* AppDelegate.swift */,
				CCF6AF8121B8D18400C6FDC8 /* ViewController.swift */,
			);
			path = Controller;
			sourceTree = "<group>";
		};
		CCF6AF9421B8D1DD00C6FDC8 /* Supporting Files */ = {
			isa = PBXGroup;
			children = (
				CCF6AF8B21B8D18500C6FDC8 /* Info.plist */,
				CCF6AF8821B8D18500C6FDC8 /* LaunchScreen.storyboard */,
			);
			path = "Supporting Files";
			sourceTree = "<group>";
		};
/* End PBXGroup section */

/* Begin PBXNativeTarget section */
		CCF6AF7B21B8D18400C6FDC8 /* Destini */ = {
			isa = PBXNativeTarget;
			buildConfigurationList = CCF6AF8E21B8D18500C6FDC8 /* Build configuration list for PBXNativeTarget "Destini" */;
			buildPhases = (
				CCF6AF7821B8D18400C6FDC8 /* Sources */,
				CCF6AF7921B8D18400C6FDC8 /* Frameworks */,
				CCF6AF7A21B8D18400C6FDC8 /* Resources */,
			);
			buildRules = (
			);
			dependencies = (
			);
			name = Destini;
			productName = Destini;
			productReference = CCF6AF7C21B8D18400C6FDC8 /* Destini.app */;
			productType = "com.apple.product-type.application";
		};
/* End PBXNativeTarget section */

/* Begin PBXProject section */
		CCF6AF7421B8D18400C6FDC8 /* Project object */ = {
			isa = PBXProject;
			attributes = {
				LastSwiftUpdateCheck = 1010;
				LastUpgradeCheck = 1010;
				ORGANIZATIONNAME = "Julien Shim";
				TargetAttributes = {
					CCF6AF7B21B8D18400C6FDC8 = {
						CreatedOnToolsVersion = 10.1;
					};
				};
			};
			buildConfigurationList = CCF6AF7721B8D18400C6FDC8 /* Build configuration list for PBXProject "Destini" */;
			compatibilityVersion = "Xcode 9.3";
			developmentRegion = en;
			hasScannedForEncodings = 0;
			knownRegions = (
				en,
				Base,
			);
			mainGroup = CCF6AF7321B8D18400C6FDC8;
			productRefGroup = CCF6AF7D21B8D18400C6FDC8 /* Products */;
			projectDirPath = "";
			projectRoot = "";
			targets = (
				CCF6AF7B21B8D18400C6FDC8 /* Destini */,
			);
		};
/* End PBXProject section */

/* Begin PBXResourcesBuildPhase section */
		CCF6AF7A21B8D18400C6FDC8 /* Resources */ = {
			isa = PBXResourcesBuildPhase;
			buildActionMask = 2147483647;
			files = (
				CCF6AF8A21B8D18500C6FDC8 /* LaunchScreen.storyboard in Resources */,
				CCF6AF8721B8D18500C6FDC8 /* Assets.xcassets in Resources */,
				CCF6AF8521B8D18400C6FDC8 /* Main.storyboard in Resources */,
			);
			runOnlyForDeploymentPostprocessing = 0;
		};
/* End PBXResourcesBuildPhase section */

/* Begin PBXSourcesBuildPhase section */
		CCF6AF7821B8D18400C6FDC8 /* Sources */ = {
			isa = PBXSourcesBuildPhase;
			buildActionMask = 2147483647;
			files = (
				CCF6AF8221B8D18400C6FDC8 /* ViewController.swift in Sources */,
				CCF6AF8021B8D18400C6FDC8 /* AppDelegate.swift in Sources */,
				CC7257FE21B8F6FB0050BAA1 /* Story.swift in Sources */,
				CC72580021B8F7D60050BAA1 /* StoryBank.swift in Sources */,
			);
			runOnlyForDeploymentPostprocessing = 0;
		};
/* End PBXSourcesBuildPhase section */

/* Begin PBXVariantGroup section */
		CCF6AF8321B8D18400C6FDC8 /* Main.storyboard */ = {
			isa = PBXVariantGroup;
			children = (
				CCF6AF8421B8D18400C6FDC8 /* Base */,
			);
			name = Main.storyboard;
			sourceTree = "<group>";
		};
		CCF6AF8821B8D18500C6FDC8 /* LaunchScreen.storyboard */ = {
			isa = PBXVariantGroup;
			children = (
				CCF6AF8921B8D18500C6FDC8 /* Base */,
			);
			name = LaunchScreen.storyboard;
			sourceTree = "<group>";
		};
/* End PBXVariantGroup section */

/* Begin XCBuildConfiguration section */
		CCF6AF8C21B8D18500C6FDC8 /* Debug */ = {
			isa = XCBuildConfiguration;
			buildSettings = {
				ALWAYS_SEARCH_USER_PATHS = NO;
				CLANG_ANALYZER_NONNULL = YES;
				CLANG_ANALYZER_NUMBER_OBJECT_CONVERSION = YES_AGGRESSIVE;
				CLANG_CXX_LANGUAGE_STANDARD = "gnu++14";
				CLANG_CXX_LIBRARY = "libc++";
				CLANG_ENABLE_MODULES = YES;
				CLANG_ENABLE_OBJC_ARC = YES;
				CLANG_ENABLE_OBJC_WEAK = YES;
				CLANG_WARN_BLOCK_CAPTURE_AUTORELEASING = YES;
				CLANG_WARN_BOOL_CONVERSION = YES;
				CLANG_WARN_COMMA = YES;
				CLANG_WARN_CONSTANT_CONVERSION = YES;
				CLANG_WARN_DEPRECATED_OBJC_IMPLEMENTATIONS = YES;
				CLANG_WARN_DIRECT_OBJC_ISA_USAGE = YES_ERROR;
				CLANG_WARN_DOCUMENTATION_COMMENTS = YES;
				CLANG_WARN_EMPTY_BODY = YES;
				CLANG_WARN_ENUM_CONVERSION = YES;
				CLANG_WARN_INFINITE_RECURSION = YES;
				CLANG_WARN_INT_CONVERSION = YES;
				CLANG_WARN_NON_LITERAL_NULL_CONVERSION = YES;
				CLANG_WARN_OBJC_IMPLICIT_RETAIN_SELF = YES;
				CLANG_WARN_OBJC_LITERAL_CONVERSION = YES;
				CLANG_WARN_OBJC_ROOT_CLASS = YES_ERROR;
				CLANG_WARN_RANGE_LOOP_ANALYSIS = YES;
				CLANG_WARN_STRICT_PROTOTYPES = YES;
				CLANG_WARN_SUSPICIOUS_MOVE = YES;
				CLANG_WARN_UNGUARDED_AVAILABILITY = YES_AGGRESSIVE;
				CLANG_WARN_UNREACHABLE_CODE = YES;
				CLANG_WARN__DUPLICATE_METHOD_MATCH = YES;
				CODE_SIGN_IDENTITY = "iPhone Developer";
				COPY_PHASE_STRIP = NO;
				DEBUG_INFORMATION_FORMAT = dwarf;
				ENABLE_STRICT_OBJC_MSGSEND = YES;
				ENABLE_TESTABILITY = YES;
				GCC_C_LANGUAGE_STANDARD = gnu11;
				GCC_DYNAMIC_NO_PIC = NO;
				GCC_NO_COMMON_BLOCKS = YES;
				GCC_OPTIMIZATION_LEVEL = 0;
				GCC_PREPROCESSOR_DEFINITIONS = (
					"DEBUG=1",
					"$(inherited)",
				);
				GCC_WARN_64_TO_32_BIT_CONVERSION = YES;
				GCC_WARN_ABOUT_RETURN_TYPE = YES_ERROR;
				GCC_WARN_UNDECLARED_SELECTOR = YES;
				GCC_WARN_UNINITIALIZED_AUTOS = YES_AGGRESSIVE;
				GCC_WARN_UNUSED_FUNCTION = YES;
				GCC_WARN_UNUSED_VARIABLE = YES;
				IPHONEOS_DEPLOYMENT_TARGET = 12.1;
				MTL_ENABLE_DEBUG_INFO = INCLUDE_SOURCE;
				MTL_FAST_MATH = YES;
				ONLY_ACTIVE_ARCH = YES;
				SDKROOT = iphoneos;
				SWIFT_ACTIVE_COMPILATION_CONDITIONS = DEBUG;
				SWIFT_OPTIMIZATION_LEVEL = "-Onone";
			};
			name = Debug;
		};
		CCF6AF8D21B8D18500C6FDC8 /* Release */ = {
			isa = XCBuildConfiguration;
			buildSettings = {
				ALWAYS_SEARCH_USER_PATHS = NO;
				CLANG_ANALYZER_NONNULL = YES;
				CLANG_ANALYZER_NUMBER_OBJECT_CONVERSION = YES_AGGRESSIVE;
				CLANG_CXX_LANGUAGE_STANDARD = "gnu++14";
				CLANG_CXX_LIBRARY = "libc++";
				CLANG_ENABLE_MODULES = YES;
				CLANG_ENABLE_OBJC_ARC = YES;
				CLANG_ENABLE_OBJC_WEAK = YES;
				CLANG_WARN_BLOCK_CAPTURE_AUTORELEASING = YES;
				CLANG_WARN_BOOL_CONVERSION = YES;
				CLANG_WARN_COMMA = YES;
				CLANG_WARN_CONSTANT_CONVERSION = YES;
				CLANG_WARN_DEPRECATED_OBJC_IMPLEMENTATIONS = YES;
				CLANG_WARN_DIRECT_OBJC_ISA_USAGE = YES_ERROR;
				CLANG_WARN_DOCUMENTATION_COMMENTS = YES;
				CLANG_WARN_EMPTY_BODY = YES;
				CLANG_WARN_ENUM_CONVERSION = YES;
				CLANG_WARN_INFINITE_RECURSION = YES;
				CLANG_WARN_INT_CONVERSION = YES;
				CLANG_WARN_NON_LITERAL_NULL_CONVERSION = YES;
				CLANG_WARN_OBJC_IMPLICIT_RETAIN_SELF = YES;
				CLANG_WARN_OBJC_LITERAL_CONVERSION = YES;
				CLANG_WARN_OBJC_ROOT_CLASS = YES_ERROR;
				CLANG_WARN_RANGE_LOOP_ANALYSIS = YES;
				CLANG_WARN_STRICT_PROTOTYPES = YES;
				CLANG_WARN_SUSPICIOUS_MOVE = YES;
				CLANG_WARN_UNGUARDED_AVAILABILITY = YES_AGGRESSIVE;
				CLANG_WARN_UNREACHABLE_CODE = YES;
				CLANG_WARN__DUPLICATE_METHOD_MATCH = YES;
				CODE_SIGN_IDENTITY = "iPhone Developer";
				COPY_PHASE_STRIP = NO;
				DEBUG_INFORMATION_FORMAT = "dwarf-with-dsym";
				ENABLE_NS_ASSERTIONS = NO;
				ENABLE_STRICT_OBJC_MSGSEND = YES;
				GCC_C_LANGUAGE_STANDARD = gnu11;
				GCC_NO_COMMON_BLOCKS = YES;
				GCC_WARN_64_TO_32_BIT_CONVERSION = YES;
				GCC_WARN_ABOUT_RETURN_TYPE = YES_ERROR;
				GCC_WARN_UNDECLARED_SELECTOR = YES;
				GCC_WARN_UNINITIALIZED_AUTOS = YES_AGGRESSIVE;
				GCC_WARN_UNUSED_FUNCTION = YES;
				GCC_WARN_UNUSED_VARIABLE = YES;
				IPHONEOS_DEPLOYMENT_TARGET = 12.1;
				MTL_ENABLE_DEBUG_INFO = NO;
				MTL_FAST_MATH = YES;
				SDKROOT = iphoneos;
				SWIFT_COMPILATION_MODE = wholemodule;
				SWIFT_OPTIMIZATION_LEVEL = "-O";
				VALIDATE_PRODUCT = YES;
			};
			name = Release;
		};
		CCF6AF8F21B8D18500C6FDC8 /* Debug */ = {
			isa = XCBuildConfiguration;
			buildSettings = {
				ASSETCATALOG_COMPILER_APPICON_NAME = AppIcon;
				CODE_SIGN_STYLE = Automatic;
				DEVELOPMENT_TEAM = P3RTATVHK4;
				INFOPLIST_FILE = "$(SRCROOT)/Destini/Supporting Files/Info.plist";
				LD_RUNPATH_SEARCH_PATHS = (
					"$(inherited)",
					"@executable_path/Frameworks",
				);
				PRODUCT_BUNDLE_IDENTIFIER = com.julienshim.Destini;
				PRODUCT_NAME = "$(TARGET_NAME)";
				SWIFT_VERSION = 4.2;
				TARGETED_DEVICE_FAMILY = 1;
			};
			name = Debug;
		};
		CCF6AF9021B8D18500C6FDC8 /* Release */ = {
			isa = XCBuildConfiguration;
			buildSettings = {
				ASSETCATALOG_COMPILER_APPICON_NAME = AppIcon;
				CODE_SIGN_STYLE = Automatic;
				DEVELOPMENT_TEAM = P3RTATVHK4;
				INFOPLIST_FILE = "$(SRCROOT)/Destini/Supporting Files/Info.plist";
				LD_RUNPATH_SEARCH_PATHS = (
					"$(inherited)",
					"@executable_path/Frameworks",
				);
				PRODUCT_BUNDLE_IDENTIFIER = com.julienshim.Destini;
				PRODUCT_NAME = "$(TARGET_NAME)";
				SWIFT_VERSION = 4.2;
				TARGETED_DEVICE_FAMILY = 1;
			};
			name = Release;
		};
/* End XCBuildConfiguration section */

/* Begin XCConfigurationList section */
		CCF6AF7721B8D18400C6FDC8 /* Build configuration list for PBXProject "Destini" */ = {
			isa = XCConfigurationList;
			buildConfigurations = (
				CCF6AF8C21B8D18500C6FDC8 /* Debug */,
				CCF6AF8D21B8D18500C6FDC8 /* Release */,
			);
			defaultConfigurationIsVisible = 0;
			defaultConfigurationName = Release;
		};
		CCF6AF8E21B8D18500C6FDC8 /* Build configuration list for PBXNativeTarget "Destini" */ = {
			isa = XCConfigurationList;
			buildConfigurations = (
				CCF6AF8F21B8D18500C6FDC8 /* Debug */,
				CCF6AF9021B8D18500C6FDC8 /* Release */,
			);
			defaultConfigurationIsVisible = 0;
			defaultConfigurationName = Release;
		};
/* End XCConfigurationList section */
	};
	rootObject = CCF6AF7421B8D18400C6FDC8 /* Project object */;
}
